
Microsoft Visual Studio Solution File, Format Version 12.00
# Visual Studio 2013
VisualStudioVersion = 12.0.20617.1 PREVIEW
MinimumVisualStudioVersion = 10.0.40219.1
Project("{8BC9CEB8-8B4A-11D0-8D11-00A0C91BC942}") = "cppcomponents_async_coroutine_wrapper", "cppcomponents_async_coroutine_wrapper.vcxproj", "{CBCD5E2C-9613-44CF-B0DA-AB89BA10D9DC}"
EndProject
Project("{8BC9CEB8-8B4A-11D0-8D11-00A0C91BC942}") = "cppcomponents_async_coroutine_wrapper_dll", "..\cppcomponents_async_coroutine_wrapper_dll\cppcomponents_async_coroutine_wrapper_dll.vcxproj", "{A074C600-F4D4-4242-8E96-B712031DDCE9}"
EndProject
Global
	GlobalSection(SolutionConfigurationPlatforms) = preSolution
		Debug|Win32 = Debug|Win32
		Release|Win32 = Release|Win32
	EndGlobalSection
	GlobalSection(ProjectConfigurationPlatforms) = postSolution
		{CBCD5E2C-9613-44CF-B0DA-AB89BA10D9DC}.Debug|Win32.ActiveCfg = Debug|Win32
		{CBCD5E2C-9613-44CF-B0DA-AB89BA10D9DC}.Debug|Win32.Build.0 = Debug|Win32
		{CBCD5E2C-9613-44CF-B0DA-AB89BA10D9DC}.Release|Win32.ActiveCfg = Release|Win32
		{CBCD5E2C-9613-44CF-B0DA-AB89BA10D9DC}.Release|Win32.Build.0 = Release|Win32
		{A074C600-F4D4-4242-8E96-B712031DDCE9}.Debug|Win32.ActiveCfg = Debug|Win32
		{A074C600-F4D4-4242-8E96-B712031DDCE9}.Debug|Win32.Build.0 = Debug|Win32
		{A074C600-F4D4-4242-8E96-B712031DDCE9}.Release|Win32.ActiveCfg = Release|Win32
		{A074C600-F4D4-4242-8E96-B712031DDCE9}.Release|Win32.Build.0 = Release|Win32
	EndGlobalSection
	GlobalSection(SolutionProperties) = preSolution
		HideSolutionNode = FALSE
	EndGlobalSection
EndGlobal
